// !$*UTF8*$!
{
	archiveVersion = 1;
	classes = {
	};
	objectVersion = 50;
	objects = {

/* Begin PBXBuildFile section */
		3D046B1221081ECC00C5B45C /* Models.swift in Sources */ = {isa = PBXBuildFile; fileRef = 3D046B1121081ECC00C5B45C /* Models.swift */; };
		3DC5901321059CB900E5B043 /* AppDelegate.swift in Sources */ = {isa = PBXBuildFile; fileRef = 3DC5901221059CB900E5B043 /* AppDelegate.swift */; };
		3DC5901521059CB900E5B043 /* ViewController.swift in Sources */ = {isa = PBXBuildFile; fileRef = 3DC5901421059CB900E5B043 /* ViewController.swift */; };
		3DC5901821059CB900E5B043 /* Main.storyboard in Resources */ = {isa = PBXBuildFile; fileRef = 3DC5901621059CB900E5B043 /* Main.storyboard */; };
		3DC5901A21059CBC00E5B043 /* Assets.xcassets in Resources */ = {isa = PBXBuildFile; fileRef = 3DC5901921059CBC00E5B043 /* Assets.xcassets */; };
		3DC5901D21059CBC00E5B043 /* LaunchScreen.storyboard in Resources */ = {isa = PBXBuildFile; fileRef = 3DC5901B21059CBC00E5B043 /* LaunchScreen.storyboard */; };
		3DC590252105A53000E5B043 /* CategoryCell.swift in Sources */ = {isa = PBXBuildFile; fileRef = 3DC590242105A53000E5B043 /* CategoryCell.swift */; };
/* End PBXBuildFile section */

/* Begin PBXFileReference section */
		3D046B1121081ECC00C5B45C /* Models.swift */ = {isa = PBXFileReference; lastKnownFileType = sourcecode.swift; path = Models.swift; sourceTree = "<group>"; };
		3DC5900F21059CB900E5B043 /* appstore.app */ = {isa = PBXFileReference; explicitFileType = wrapper.application; includeInIndex = 0; path = appstore.app; sourceTree = BUILT_PRODUCTS_DIR; };
		3DC5901221059CB900E5B043 /* AppDelegate.swift */ = {isa = PBXFileReference; lastKnownFileType = sourcecode.swift; path = AppDelegate.swift; sourceTree = "<group>"; };
		3DC5901421059CB900E5B043 /* ViewController.swift */ = {isa = PBXFileReference; lastKnownFileType = sourcecode.swift; path = ViewController.swift; sourceTree = "<group>"; };
		3DC5901721059CB900E5B043 /* Base */ = {isa = PBXFileReference; lastKnownFileType = file.storyboard; name = Base; path = Base.lproj/Main.storyboard; sourceTree = "<group>"; };
		3DC5901921059CBC00E5B043 /* Assets.xcassets */ = {isa = PBXFileReference; lastKnownFileType = folder.assetcatalog; path = Assets.xcassets; sourceTree = "<group>"; };
		3DC5901C21059CBC00E5B043 /* Base */ = {isa = PBXFileReference; lastKnownFileType = file.storyboard; name = Base; path = Base.lproj/LaunchScreen.storyboard; sourceTree = "<group>"; };
		3DC5901E21059CBC00E5B043 /* Info.plist */ = {isa = PBXFileReference; lastKnownFileType = text.plist.xml; path = Info.plist; sourceTree = "<group>"; };
		3DC590242105A53000E5B043 /* CategoryCell.swift */ = {isa = PBXFileReference; lastKnownFileType = sourcecode.swift; path = CategoryCell.swift; sourceTree = "<group>"; };
		3DC590262105A56000E5B043 /* README.md */ = {isa = PBXFileReference; lastKnownFileType = net.daringfireball.markdown; path = README.md; sourceTree = "<group>"; };
/* End PBXFileReference section */

/* Begin PBXFrameworksBuildPhase section */
		3DC5900C21059CB900E5B043 /* Frameworks */ = {
			isa = PBXFrameworksBuildPhase;
			buildActionMask = 2147483647;
			files = (
			);
			runOnlyForDeploymentPostprocessing = 0;
		};
/* End PBXFrameworksBuildPhase section */

/* Begin PBXGroup section */
		3DC5900621059CB900E5B043 = {
			isa = PBXGroup;
			children = (
				3DC590262105A56000E5B043 /* README.md */,
				3DC5901121059CB900E5B043 /* appstore */,
				3DC5901021059CB900E5B043 /* Products */,
			);
			sourceTree = "<group>";
		};
		3DC5901021059CB900E5B043 /* Products */ = {
			isa = PBXGroup;
			children = (
				3DC5900F21059CB900E5B043 /* appstore.app */,
			);
			name = Products;
			sourceTree = "<group>";
		};
		3DC5901121059CB900E5B043 /* appstore */ = {
			isa = PBXGroup;
			children = (
				3DC5901221059CB900E5B043 /* AppDelegate.swift */,
				3DC5901421059CB900E5B043 /* ViewController.swift */,
				3DC590242105A53000E5B043 /* CategoryCell.swift */,
				3DC5901621059CB900E5B043 /* Main.storyboard */,
				3DC5901921059CBC00E5B043 /* Assets.xcassets */,
				3DC5901B21059CBC00E5B043 /* LaunchScreen.storyboard */,
				3DC5901E21059CBC00E5B043 /* Info.plist */,
				3D046B1121081ECC00C5B45C /* Models.swift */,
			);
			path = appstore;
			sourceTree = "<group>";
		};
/* End PBXGroup section */

/* Begin PBXNativeTarget section */
		3DC5900E21059CB900E5B043 /* appstore */ = {
			isa = PBXNativeTarget;
			buildConfigurationList = 3DC5902121059CBC00E5B043 /* Build configuration list for PBXNativeTarget "appstore" */;
			buildPhases = (
				3DC5900B21059CB900E5B043 /* Sources */,
				3DC5900C21059CB900E5B043 /* Frameworks */,
				3DC5900D21059CB900E5B043 /* Resources */,
			);
			buildRules = (
			);
			dependencies = (
			);
			name = appstore;
			productName = appstore;
			productReference = 3DC5900F21059CB900E5B043 /* appstore.app */;
			productType = "com.apple.product-type.application";
		};
/* End PBXNativeTarget section */

/* Begin PBXProject section */
		3DC5900721059CB900E5B043 /* Project object */ = {
			isa = PBXProject;
			attributes = {
				LastSwiftUpdateCheck = 0940;
				LastUpgradeCheck = 0940;
				ORGANIZATIONNAME = "Carlo Gilmar";
				TargetAttributes = {
					3DC5900E21059CB900E5B043 = {
						CreatedOnToolsVersion = 9.4;
					};
				};
			};
			buildConfigurationList = 3DC5900A21059CB900E5B043 /* Build configuration list for PBXProject "appstore" */;
			compatibilityVersion = "Xcode 9.3";
			developmentRegion = en;
			hasScannedForEncodings = 0;
			knownRegions = (
				en,
				Base,
			);
			mainGroup = 3DC5900621059CB900E5B043;
			productRefGroup = 3DC5901021059CB900E5B043 /* Products */;
			projectDirPath = "";
			projectRoot = "";
			targets = (
				3DC5900E21059CB900E5B043 /* appstore */,
			);
		};
/* End PBXProject section */

/* Begin PBXResourcesBuildPhase section */
		3DC5900D21059CB900E5B043 /* Resources */ = {
			isa = PBXResourcesBuildPhase;
			buildActionMask = 2147483647;
			files = (
				3DC5901D21059CBC00E5B043 /* LaunchScreen.storyboard in Resources */,
				3DC5901A21059CBC00E5B043 /* Assets.xcassets in Resources */,
				3DC5901821059CB900E5B043 /* Main.storyboard in Resources */,
			);
			runOnlyForDeploymentPostprocessing = 0;
		};
/* End PBXResourcesBuildPhase section */

/* Begin PBXSourcesBuildPhase section */
		3DC5900B21059CB900E5B043 /* Sources */ = {
			isa = PBXSourcesBuildPhase;
			buildActionMask = 2147483647;
			files = (
				3DC5901521059CB900E5B043 /* ViewController.swift in Sources */,
				3D046B1221081ECC00C5B45C /* Models.swift in Sources */,
				3DC5901321059CB900E5B043 /* AppDelegate.swift in Sources */,
				3DC590252105A53000E5B043 /* CategoryCell.swift in Sources */,
			);
			runOnlyForDeploymentPostprocessing = 0;
		};
/* End PBXSourcesBuildPhase section */

/* Begin PBXVariantGroup section */
		3DC5901621059CB900E5B043 /* Main.storyboard */ = {
			isa = PBXVariantGroup;
			children = (
				3DC5901721059CB900E5B043 /* Base */,
			);
			name = Main.storyboard;
			sourceTree = "<group>";
		};
		3DC5901B21059CBC00E5B043 /* LaunchScreen.storyboard */ = {
			isa = PBXVariantGroup;
			children = (
				3DC5901C21059CBC00E5B043 /* Base */,
			);
			name = LaunchScreen.storyboard;
			sourceTree = "<group>";
		};
/* End PBXVariantGroup section */

/* Begin XCBuildConfiguration section */
		3DC5901F21059CBC00E5B043 /* Debug */ = {
			isa = XCBuildConfiguration;
			buildSettings = {
				ALWAYS_SEARCH_USER_PATHS = NO;
				CLANG_ANALYZER_NONNULL = YES;
				CLANG_ANALYZER_NUMBER_OBJECT_CONVERSION = YES_AGGRESSIVE;
				CLANG_CXX_LANGUAGE_STANDARD = "gnu++14";
				CLANG_CXX_LIBRARY = "libc++";
				CLANG_ENABLE_MODULES = YES;
				CLANG_ENABLE_OBJC_ARC = YES;
				CLANG_ENABLE_OBJC_WEAK = YES;
				CLANG_WARN_BLOCK_CAPTURE_AUTORELEASING = YES;
				CLANG_WARN_BOOL_CONVERSION = YES;
				CLANG_WARN_COMMA = YES;
				CLANG_WARN_CONSTANT_CONVERSION = YES;
				CLANG_WARN_DEPRECATED_OBJC_IMPLEMENTATIONS = YES;
				CLANG_WARN_DIRECT_OBJC_ISA_USAGE = YES_ERROR;
				CLANG_WARN_DOCUMENTATION_COMMENTS = YES;
				CLANG_WARN_EMPTY_BODY = YES;
				CLANG_WARN_ENUM_CONVERSION = YES;
				CLANG_WARN_INFINITE_RECURSION = YES;
				CLANG_WARN_INT_CONVERSION = YES;
				CLANG_WARN_NON_LITERAL_NULL_CONVERSION = YES;
				CLANG_WARN_OBJC_IMPLICIT_RETAIN_SELF = YES;
				CLANG_WARN_OBJC_LITERAL_CONVERSION = YES;
				CLANG_WARN_OBJC_ROOT_CLASS = YES_ERROR;
				CLANG_WARN_RANGE_LOOP_ANALYSIS = YES;
				CLANG_WARN_STRICT_PROTOTYPES = YES;
				CLANG_WARN_SUSPICIOUS_MOVE = YES;
				CLANG_WARN_UNGUARDED_AVAILABILITY = YES_AGGRESSIVE;
				CLANG_WARN_UNREACHABLE_CODE = YES;
				CLANG_WARN__DUPLICATE_METHOD_MATCH = YES;
				CODE_SIGN_IDENTITY = "iPhone Developer";
				COPY_PHASE_STRIP = NO;
				DEBUG_INFORMATION_FORMAT = dwarf;
				ENABLE_STRICT_OBJC_MSGSEND = YES;
				ENABLE_TESTABILITY = YES;
				GCC_C_LANGUAGE_STANDARD = gnu11;
				GCC_DYNAMIC_NO_PIC = NO;
				GCC_NO_COMMON_BLOCKS = YES;
				GCC_OPTIMIZATION_LEVEL = 0;
				GCC_PREPROCESSOR_DEFINITIONS = (
					"DEBUG=1",
					"$(inherited)",
				);
				GCC_WARN_64_TO_32_BIT_CONVERSION = YES;
				GCC_WARN_ABOUT_RETURN_TYPE = YES_ERROR;
				GCC_WARN_UNDECLARED_SELECTOR = YES;
				GCC_WARN_UNINITIALIZED_AUTOS = YES_AGGRESSIVE;
				GCC_WARN_UNUSED_FUNCTION = YES;
				GCC_WARN_UNUSED_VARIABLE = YES;
				IPHONEOS_DEPLOYMENT_TARGET = 11.4;
				MTL_ENABLE_DEBUG_INFO = YES;
				ONLY_ACTIVE_ARCH = YES;
				SDKROOT = iphoneos;
				SWIFT_ACTIVE_COMPILATION_CONDITIONS = DEBUG;
				SWIFT_OPTIMIZATION_LEVEL = "-Onone";
			};
			name = Debug;
		};
		3DC5902021059CBC00E5B043 /* Release */ = {
			isa = XCBuildConfiguration;
			buildSettings = {
				ALWAYS_SEARCH_USER_PATHS = NO;
				CLANG_ANALYZER_NONNULL = YES;
				CLANG_ANALYZER_NUMBER_OBJECT_CONVERSION = YES_AGGRESSIVE;
				CLANG_CXX_LANGUAGE_STANDARD = "gnu++14";
				CLANG_CXX_LIBRARY = "libc++";
				CLANG_ENABLE_MODULES = YES;
				CLANG_ENABLE_OBJC_ARC = YES;
				CLANG_ENABLE_OBJC_WEAK = YES;
				CLANG_WARN_BLOCK_CAPTURE_AUTORELEASING = YES;
				CLANG_WARN_BOOL_CONVERSION = YES;
				CLANG_WARN_COMMA = YES;
				CLANG_WARN_CONSTANT_CONVERSION = YES;
				CLANG_WARN_DEPRECATED_OBJC_IMPLEMENTATIONS = YES;
				CLANG_WARN_DIRECT_OBJC_ISA_USAGE = YES_ERROR;
				CLANG_WARN_DOCUMENTATION_COMMENTS = YES;
				CLANG_WARN_EMPTY_BODY = YES;
				CLANG_WARN_ENUM_CONVERSION = YES;
				CLANG_WARN_INFINITE_RECURSION = YES;
				CLANG_WARN_INT_CONVERSION = YES;
				CLANG_WARN_NON_LITERAL_NULL_CONVERSION = YES;
				CLANG_WARN_OBJC_IMPLICIT_RETAIN_SELF = YES;
				CLANG_WARN_OBJC_LITERAL_CONVERSION = YES;
				CLANG_WARN_OBJC_ROOT_CLASS = YES_ERROR;
				CLANG_WARN_RANGE_LOOP_ANALYSIS = YES;
				CLANG_WARN_STRICT_PROTOTYPES = YES;
				CLANG_WARN_SUSPICIOUS_MOVE = YES;
				CLANG_WARN_UNGUARDED_AVAILABILITY = YES_AGGRESSIVE;
				CLANG_WARN_UNREACHABLE_CODE = YES;
				CLANG_WARN__DUPLICATE_METHOD_MATCH = YES;
				CODE_SIGN_IDENTITY = "iPhone Developer";
				COPY_PHASE_STRIP = NO;
				DEBUG_INFORMATION_FORMAT = "dwarf-with-dsym";
				ENABLE_NS_ASSERTIONS = NO;
				ENABLE_STRICT_OBJC_MSGSEND = YES;
				GCC_C_LANGUAGE_STANDARD = gnu11;
				GCC_NO_COMMON_BLOCKS = YES;
				GCC_WARN_64_TO_32_BIT_CONVERSION = YES;
				GCC_WARN_ABOUT_RETURN_TYPE = YES_ERROR;
				GCC_WARN_UNDECLARED_SELECTOR = YES;
				GCC_WARN_UNINITIALIZED_AUTOS = YES_AGGRESSIVE;
				GCC_WARN_UNUSED_FUNCTION = YES;
				GCC_WARN_UNUSED_VARIABLE = YES;
				IPHONEOS_DEPLOYMENT_TARGET = 11.4;
				MTL_ENABLE_DEBUG_INFO = NO;
				SDKROOT = iphoneos;
				SWIFT_COMPILATION_MODE = wholemodule;
				SWIFT_OPTIMIZATION_LEVEL = "-O";
				VALIDATE_PRODUCT = YES;
			};
			name = Release;
		};
		3DC5902221059CBC00E5B043 /* Debug */ = {
			isa = XCBuildConfiguration;
			buildSettings = {
				ASSETCATALOG_COMPILER_APPICON_NAME = AppIcon;
				CODE_SIGN_STYLE = Automatic;
				DEVELOPMENT_TEAM = 454N2C4KUS;
				INFOPLIST_FILE = appstore/Info.plist;
				LD_RUNPATH_SEARCH_PATHS = (
					"$(inherited)",
					"@executable_path/Frameworks",
				);
				PRODUCT_BUNDLE_IDENTIFIER = com.carlogilmar.appstore;
				PRODUCT_NAME = "$(TARGET_NAME)";
				SWIFT_VERSION = 4.0;
				TARGETED_DEVICE_FAMILY = "1,2";
			};
			name = Debug;
		};
		3DC5902321059CBC00E5B043 /* Release */ = {
			isa = XCBuildConfiguration;
			buildSettings = {
				ASSETCATALOG_COMPILER_APPICON_NAME = AppIcon;
				CODE_SIGN_STYLE = Automatic;
				DEVELOPMENT_TEAM = 454N2C4KUS;
				INFOPLIST_FILE = appstore/Info.plist;
				LD_RUNPATH_SEARCH_PATHS = (
					"$(inherited)",
					"@executable_path/Frameworks",
				);
				PRODUCT_BUNDLE_IDENTIFIER = com.carlogilmar.appstore;
				PRODUCT_NAME = "$(TARGET_NAME)";
				SWIFT_VERSION = 4.0;
				TARGETED_DEVICE_FAMILY = "1,2";
			};
			name = Release;
		};
/* End XCBuildConfiguration section */

/* Begin XCConfigurationList section */
		3DC5900A21059CB900E5B043 /* Build configuration list for PBXProject "appstore" */ = {
			isa = XCConfigurationList;
			buildConfigurations = (
				3DC5901F21059CBC00E5B043 /* Debug */,
				3DC5902021059CBC00E5B043 /* Release */,
			);
			defaultConfigurationIsVisible = 0;
			defaultConfigurationName = Release;
		};
		3DC5902121059CBC00E5B043 /* Build configuration list for PBXNativeTarget "appstore" */ = {
			isa = XCConfigurationList;
			buildConfigurations = (
				3DC5902221059CBC00E5B043 /* Debug */,
				3DC5902321059CBC00E5B043 /* Release */,
			);
			defaultConfigurationIsVisible = 0;
			defaultConfigurationName = Release;
		};
/* End XCConfigurationList section */
	};
	rootObject = 3DC5900721059CB900E5B043 /* Project object */;
}
